// !$*UTF8*$!
{
	archiveVersion = 1;
	classes = {
	};
	objectVersion = 46;
	objects = {

/* Begin PBXBuildFile section */
		5507AA491FA6B6BD001B3176 /* genericMethod.cpp in Sources */ = {isa = PBXBuildFile; fileRef = 5507AA471FA6B6BD001B3176 /* genericMethod.cpp */; };
		5541F4151FA02908004303D3 /* studyContainer.cpp in Sources */ = {isa = PBXBuildFile; fileRef = 5541F4131FA02908004303D3 /* studyContainer.cpp */; };
		554D838F1F7E1649004A6E41 /* dataType.cpp in Sources */ = {isa = PBXBuildFile; fileRef = 554D838D1F7E1649004A6E41 /* dataType.cpp */; };
		5580AEDC1F96DFE8002FD77C /* studyFunction.cpp in Sources */ = {isa = PBXBuildFile; fileRef = 5580AEDA1F96DFE8002FD77C /* studyFunction.cpp */; };
		5597E4D61F8C74090097327A /* stringVectorArray.cpp in Sources */ = {isa = PBXBuildFile; fileRef = 5597E4D41F8C74090097327A /* stringVectorArray.cpp */; };
		55A49F601F7CC77D00E7F98B /* main.cpp in Sources */ = {isa = PBXBuildFile; fileRef = 55A49F5F1F7CC77D00E7F98B /* main.cpp */; };
		55CD930C1F987B1700D1C1E5 /* studyClass.cpp in Sources */ = {isa = PBXBuildFile; fileRef = 55CD930A1F987B1700D1C1E5 /* studyClass.cpp */; };
		55EA559D1F9EDDFD001E203D /* studyIO.cpp in Sources */ = {isa = PBXBuildFile; fileRef = 55EA559B1F9EDDFD001E203D /* studyIO.cpp */; };
		55FDB4331F904F040002DD65 /* expression.cpp in Sources */ = {isa = PBXBuildFile; fileRef = 55FDB4311F904F040002DD65 /* expression.cpp */; };
/* End PBXBuildFile section */

/* Begin PBXCopyFilesBuildPhase section */
		55A49F5A1F7CC77D00E7F98B /* CopyFiles */ = {
			isa = PBXCopyFilesBuildPhase;
			buildActionMask = 2147483647;
			dstPath = /usr/share/man/man1/;
			dstSubfolderSpec = 0;
			files = (
			);
			runOnlyForDeploymentPostprocessing = 1;
		};
/* End PBXCopyFilesBuildPhase section */

/* Begin PBXFileReference section */
		5507AA471FA6B6BD001B3176 /* genericMethod.cpp */ = {isa = PBXFileReference; fileEncoding = 4; lastKnownFileType = sourcecode.cpp.cpp; path = genericMethod.cpp; sourceTree = "<group>"; };
		5507AA481FA6B6BD001B3176 /* genericMethod.hpp */ = {isa = PBXFileReference; fileEncoding = 4; lastKnownFileType = sourcecode.cpp.h; path = genericMethod.hpp; sourceTree = "<group>"; };
		5541F4131FA02908004303D3 /* studyContainer.cpp */ = {isa = PBXFileReference; fileEncoding = 4; lastKnownFileType = sourcecode.cpp.cpp; path = studyContainer.cpp; sourceTree = "<group>"; };
		5541F4141FA02908004303D3 /* studyContainer.hpp */ = {isa = PBXFileReference; fileEncoding = 4; lastKnownFileType = sourcecode.cpp.h; path = studyContainer.hpp; sourceTree = "<group>"; };
		554D838D1F7E1649004A6E41 /* dataType.cpp */ = {isa = PBXFileReference; fileEncoding = 4; lastKnownFileType = sourcecode.cpp.cpp; path = dataType.cpp; sourceTree = "<group>"; usesTabs = 0; wrapsLines = 1; };
		554D838E1F7E1649004A6E41 /* dataType.hpp */ = {isa = PBXFileReference; fileEncoding = 4; lastKnownFileType = sourcecode.cpp.h; path = dataType.hpp; sourceTree = "<group>"; };
		5580AEDA1F96DFE8002FD77C /* studyFunction.cpp */ = {isa = PBXFileReference; fileEncoding = 4; lastKnownFileType = sourcecode.cpp.cpp; path = studyFunction.cpp; sourceTree = "<group>"; };
		5580AEDB1F96DFE8002FD77C /* studyFunction.hpp */ = {isa = PBXFileReference; fileEncoding = 4; lastKnownFileType = sourcecode.cpp.h; path = studyFunction.hpp; sourceTree = "<group>"; };
		5597E4D41F8C74090097327A /* stringVectorArray.cpp */ = {isa = PBXFileReference; fileEncoding = 4; lastKnownFileType = sourcecode.cpp.cpp; path = stringVectorArray.cpp; sourceTree = "<group>"; };
		5597E4D51F8C74090097327A /* stringVectorArray.hpp */ = {isa = PBXFileReference; fileEncoding = 4; lastKnownFileType = sourcecode.cpp.h; path = stringVectorArray.hpp; sourceTree = "<group>"; };
		55A49F5C1F7CC77D00E7F98B /* studyCPP */ = {isa = PBXFileReference; explicitFileType = "compiled.mach-o.executable"; includeInIndex = 0; path = studyCPP; sourceTree = BUILT_PRODUCTS_DIR; };
		55A49F5F1F7CC77D00E7F98B /* main.cpp */ = {isa = PBXFileReference; lastKnownFileType = sourcecode.cpp.cpp; path = main.cpp; sourceTree = "<group>"; };
		55CD930A1F987B1700D1C1E5 /* studyClass.cpp */ = {isa = PBXFileReference; fileEncoding = 4; lastKnownFileType = sourcecode.cpp.cpp; path = studyClass.cpp; sourceTree = "<group>"; };
		55CD930B1F987B1700D1C1E5 /* studyClass.hpp */ = {isa = PBXFileReference; fileEncoding = 4; lastKnownFileType = sourcecode.cpp.h; path = studyClass.hpp; sourceTree = "<group>"; };
		55EA559B1F9EDDFD001E203D /* studyIO.cpp */ = {isa = PBXFileReference; fileEncoding = 4; lastKnownFileType = sourcecode.cpp.cpp; path = studyIO.cpp; sourceTree = "<group>"; };
		55EA559C1F9EDDFD001E203D /* studyIO.hpp */ = {isa = PBXFileReference; fileEncoding = 4; lastKnownFileType = sourcecode.cpp.h; path = studyIO.hpp; sourceTree = "<group>"; };
		55FDB4311F904F040002DD65 /* expression.cpp */ = {isa = PBXFileReference; fileEncoding = 4; lastKnownFileType = sourcecode.cpp.cpp; path = expression.cpp; sourceTree = "<group>"; };
		55FDB4321F904F040002DD65 /* expression.hpp */ = {isa = PBXFileReference; fileEncoding = 4; lastKnownFileType = sourcecode.cpp.h; path = expression.hpp; sourceTree = "<group>"; };
/* End PBXFileReference section */

/* Begin PBXFrameworksBuildPhase section */
		55A49F591F7CC77D00E7F98B /* Frameworks */ = {
			isa = PBXFrameworksBuildPhase;
			buildActionMask = 2147483647;
			files = (
			);
			runOnlyForDeploymentPostprocessing = 0;
		};
/* End PBXFrameworksBuildPhase section */

/* Begin PBXGroup section */
		55A49F531F7CC77D00E7F98B = {
			isa = PBXGroup;
			children = (
				55A49F5E1F7CC77D00E7F98B /* studyCPP */,
				55A49F5D1F7CC77D00E7F98B /* Products */,
			);
			sourceTree = "<group>";
		};
		55A49F5D1F7CC77D00E7F98B /* Products */ = {
			isa = PBXGroup;
			children = (
				55A49F5C1F7CC77D00E7F98B /* studyCPP */,
			);
			name = Products;
			sourceTree = "<group>";
		};
		55A49F5E1F7CC77D00E7F98B /* studyCPP */ = {
			isa = PBXGroup;
			children = (
				55A49F5F1F7CC77D00E7F98B /* main.cpp */,
				554D838D1F7E1649004A6E41 /* dataType.cpp */,
				554D838E1F7E1649004A6E41 /* dataType.hpp */,
				5597E4D41F8C74090097327A /* stringVectorArray.cpp */,
				5597E4D51F8C74090097327A /* stringVectorArray.hpp */,
				55FDB4311F904F040002DD65 /* expression.cpp */,
				55FDB4321F904F040002DD65 /* expression.hpp */,
				5580AEDA1F96DFE8002FD77C /* studyFunction.cpp */,
				5580AEDB1F96DFE8002FD77C /* studyFunction.hpp */,
				55CD930A1F987B1700D1C1E5 /* studyClass.cpp */,
				55CD930B1F987B1700D1C1E5 /* studyClass.hpp */,
				55EA559B1F9EDDFD001E203D /* studyIO.cpp */,
				55EA559C1F9EDDFD001E203D /* studyIO.hpp */,
				5541F4131FA02908004303D3 /* studyContainer.cpp */,
				5541F4141FA02908004303D3 /* studyContainer.hpp */,
				5507AA471FA6B6BD001B3176 /* genericMethod.cpp */,
				5507AA481FA6B6BD001B3176 /* genericMethod.hpp */,
			);
			path = studyCPP;
			sourceTree = "<group>";
		};
/* End PBXGroup section */

/* Begin PBXNativeTarget section */
		55A49F5B1F7CC77D00E7F98B /* studyCPP */ = {
			isa = PBXNativeTarget;
			buildConfigurationList = 55A49F631F7CC77D00E7F98B /* Build configuration list for PBXNativeTarget "studyCPP" */;
			buildPhases = (
				55A49F581F7CC77D00E7F98B /* Sources */,
				55A49F591F7CC77D00E7F98B /* Frameworks */,
				55A49F5A1F7CC77D00E7F98B /* CopyFiles */,
			);
			buildRules = (
			);
			dependencies = (
			);
			name = studyCPP;
			productName = studyCPP;
			productReference = 55A49F5C1F7CC77D00E7F98B /* studyCPP */;
			productType = "com.apple.product-type.tool";
		};
/* End PBXNativeTarget section */

/* Begin PBXProject section */
		55A49F541F7CC77D00E7F98B /* Project object */ = {
			isa = PBXProject;
			attributes = {
				LastUpgradeCheck = 0830;
				ORGANIZATIONNAME = slimdy;
				TargetAttributes = {
					55A49F5B1F7CC77D00E7F98B = {
						CreatedOnToolsVersion = 8.3.3;
						ProvisioningStyle = Automatic;
					};
				};
			};
			buildConfigurationList = 55A49F571F7CC77D00E7F98B /* Build configuration list for PBXProject "studyCPP" */;
			compatibilityVersion = "Xcode 3.2";
			developmentRegion = English;
			hasScannedForEncodings = 0;
			knownRegions = (
				en,
			);
			mainGroup = 55A49F531F7CC77D00E7F98B;
			productRefGroup = 55A49F5D1F7CC77D00E7F98B /* Products */;
			projectDirPath = "";
			projectRoot = "";
			targets = (
				55A49F5B1F7CC77D00E7F98B /* studyCPP */,
			);
		};
/* End PBXProject section */

/* Begin PBXSourcesBuildPhase section */
		55A49F581F7CC77D00E7F98B /* Sources */ = {
			isa = PBXSourcesBuildPhase;
			buildActionMask = 2147483647;
			files = (
				55A49F601F7CC77D00E7F98B /* main.cpp in Sources */,
				55EA559D1F9EDDFD001E203D /* studyIO.cpp in Sources */,
				5597E4D61F8C74090097327A /* stringVectorArray.cpp in Sources */,
				554D838F1F7E1649004A6E41 /* dataType.cpp in Sources */,
				5507AA491FA6B6BD001B3176 /* genericMethod.cpp in Sources */,
				5580AEDC1F96DFE8002FD77C /* studyFunction.cpp in Sources */,
				55CD930C1F987B1700D1C1E5 /* studyClass.cpp in Sources */,
				55FDB4331F904F040002DD65 /* expression.cpp in Sources */,
				5541F4151FA02908004303D3 /* studyContainer.cpp in Sources */,
			);
			runOnlyForDeploymentPostprocessing = 0;
		};
/* End PBXSourcesBuildPhase section */

/* Begin XCBuildConfiguration section */
		55A49F611F7CC77D00E7F98B /* Debug */ = {
			isa = XCBuildConfiguration;
			buildSettings = {
				ALWAYS_SEARCH_USER_PATHS = NO;
				CLANG_ANALYZER_NONNULL = YES;
				CLANG_ANALYZER_NUMBER_OBJECT_CONVERSION = YES_AGGRESSIVE;
				CLANG_CXX_LANGUAGE_STANDARD = "gnu++0x";
				CLANG_CXX_LIBRARY = "libc++";
				CLANG_ENABLE_MODULES = YES;
				CLANG_ENABLE_OBJC_ARC = YES;
				CLANG_WARN_BOOL_CONVERSION = YES;
				CLANG_WARN_CONSTANT_CONVERSION = YES;
				CLANG_WARN_DIRECT_OBJC_ISA_USAGE = YES_ERROR;
				CLANG_WARN_DOCUMENTATION_COMMENTS = YES;
				CLANG_WARN_EMPTY_BODY = YES;
				CLANG_WARN_ENUM_CONVERSION = YES;
				CLANG_WARN_INFINITE_RECURSION = YES;
				CLANG_WARN_INT_CONVERSION = YES;
				CLANG_WARN_OBJC_ROOT_CLASS = YES_ERROR;
				CLANG_WARN_SUSPICIOUS_MOVE = YES;
				CLANG_WARN_UNREACHABLE_CODE = YES;
				CLANG_WARN__DUPLICATE_METHOD_MATCH = YES;
				CODE_SIGN_IDENTITY = "-";
				COPY_PHASE_STRIP = NO;
				DEBUG_INFORMATION_FORMAT = dwarf;
				ENABLE_STRICT_OBJC_MSGSEND = YES;
				ENABLE_TESTABILITY = YES;
				GCC_C_LANGUAGE_STANDARD = gnu99;
				GCC_DYNAMIC_NO_PIC = NO;
				GCC_NO_COMMON_BLOCKS = YES;
				GCC_OPTIMIZATION_LEVEL = 0;
				GCC_PREPROCESSOR_DEFINITIONS = (
					"DEBUG=1",
					"$(inherited)",
				);
				GCC_WARN_64_TO_32_BIT_CONVERSION = YES;
				GCC_WARN_ABOUT_RETURN_TYPE = YES_ERROR;
				GCC_WARN_UNDECLARED_SELECTOR = YES;
				GCC_WARN_UNINITIALIZED_AUTOS = YES_AGGRESSIVE;
				GCC_WARN_UNUSED_FUNCTION = YES;
				GCC_WARN_UNUSED_VARIABLE = YES;
				MACOSX_DEPLOYMENT_TARGET = 10.12;
				MTL_ENABLE_DEBUG_INFO = YES;
				ONLY_ACTIVE_ARCH = YES;
				SDKROOT = macosx;
			};
			name = Debug;
		};
		55A49F621F7CC77D00E7F98B /* Release */ = {
			isa = XCBuildConfiguration;
			buildSettings = {
				ALWAYS_SEARCH_USER_PATHS = NO;
				CLANG_ANALYZER_NONNULL = YES;
				CLANG_ANALYZER_NUMBER_OBJECT_CONVERSION = YES_AGGRESSIVE;
				CLANG_CXX_LANGUAGE_STANDARD = "gnu++0x";
				CLANG_CXX_LIBRARY = "libc++";
				CLANG_ENABLE_MODULES = YES;
				CLANG_ENABLE_OBJC_ARC = YES;
				CLANG_WARN_BOOL_CONVERSION = YES;
				CLANG_WARN_CONSTANT_CONVERSION = YES;
				CLANG_WARN_DIRECT_OBJC_ISA_USAGE = YES_ERROR;
				CLANG_WARN_DOCUMENTATION_COMMENTS = YES;
				CLANG_WARN_EMPTY_BODY = YES;
				CLANG_WARN_ENUM_CONVERSION = YES;
				CLANG_WARN_INFINITE_RECURSION = YES;
				CLANG_WARN_INT_CONVERSION = YES;
				CLANG_WARN_OBJC_ROOT_CLASS = YES_ERROR;
				CLANG_WARN_SUSPICIOUS_MOVE = YES;
				CLANG_WARN_UNREACHABLE_CODE = YES;
				CLANG_WARN__DUPLICATE_METHOD_MATCH = YES;
				CODE_SIGN_IDENTITY = "-";
				COPY_PHASE_STRIP = NO;
				DEBUG_INFORMATION_FORMAT = "dwarf-with-dsym";
				ENABLE_NS_ASSERTIONS = NO;
				ENABLE_STRICT_OBJC_MSGSEND = YES;
				GCC_C_LANGUAGE_STANDARD = gnu99;
				GCC_NO_COMMON_BLOCKS = YES;
				GCC_WARN_64_TO_32_BIT_CONVERSION = YES;
				GCC_WARN_ABOUT_RETURN_TYPE = YES_ERROR;
				GCC_WARN_UNDECLARED_SELECTOR = YES;
				GCC_WARN_UNINITIALIZED_AUTOS = YES_AGGRESSIVE;
				GCC_WARN_UNUSED_FUNCTION = YES;
				GCC_WARN_UNUSED_VARIABLE = YES;
				MACOSX_DEPLOYMENT_TARGET = 10.12;
				MTL_ENABLE_DEBUG_INFO = NO;
				SDKROOT = macosx;
			};
			name = Release;
		};
		55A49F641F7CC77D00E7F98B /* Debug */ = {
			isa = XCBuildConfiguration;
			buildSettings = {
				PRODUCT_NAME = "$(TARGET_NAME)";
			};
			name = Debug;
		};
		55A49F651F7CC77D00E7F98B /* Release */ = {
			isa = XCBuildConfiguration;
			buildSettings = {
				PRODUCT_NAME = "$(TARGET_NAME)";
			};
			name = Release;
		};
/* End XCBuildConfiguration section */

/* Begin XCConfigurationList section */
		55A49F571F7CC77D00E7F98B /* Build configuration list for PBXProject "studyCPP" */ = {
			isa = XCConfigurationList;
			buildConfigurations = (
				55A49F611F7CC77D00E7F98B /* Debug */,
				55A49F621F7CC77D00E7F98B /* Release */,
			);
			defaultConfigurationIsVisible = 0;
			defaultConfigurationName = Release;
		};
		55A49F631F7CC77D00E7F98B /* Build configuration list for PBXNativeTarget "studyCPP" */ = {
			isa = XCConfigurationList;
			buildConfigurations = (
				55A49F641F7CC77D00E7F98B /* Debug */,
				55A49F651F7CC77D00E7F98B /* Release */,
			);
			defaultConfigurationIsVisible = 0;
			defaultConfigurationName = Release;
		};
/* End XCConfigurationList section */
	};
	rootObject = 55A49F541F7CC77D00E7F98B /* Project object */;
}
